
Microsoft Visual Studio Solution File, Format Version 12.00
# Visual Studio Version 17
VisualStudioVersion = 17.14.36408.4 d17.14
MinimumVisualStudioVersion = 10.0.40219.1
Project("{FAE04EC0-301F-11D3-BF4B-00C04F79EFBC}") = "ConsoleApp1", "ConsoleApp1.csproj", "{AB3A410C-AD23-42A6-9138-C409C98F23AD}"
EndProject
Global
	GlobalSection(SolutionConfigurationPlatforms) = preSolution
		Debug|Any CPU = Debug|Any CPU
		Release|Any CPU = Release|Any CPU
	EndGlobalSection
	GlobalSection(ProjectConfigurationPlatforms) = postSolution
		{AB3A410C-AD23-42A6-9138-C409C98F23AD}.Debug|Any CPU.ActiveCfg = Debug|Any CPU
		{AB3A410C-AD23-42A6-9138-C409C98F23AD}.Debug|Any CPU.Build.0 = Debug|Any CPU
		{AB3A410C-AD23-42A6-9138-C409C98F23AD}.Release|Any CPU.ActiveCfg = Release|Any CPU
		{AB3A410C-AD23-42A6-9138-C409C98F23AD}.Release|Any CPU.Build.0 = Release|Any CPU
	EndGlobalSection
	GlobalSection(SolutionProperties) = preSolution
		HideSolutionNode = FALSE
	EndGlobalSection
	GlobalSection(ExtensibilityGlobals) = postSolution
		SolutionGuid = {41B30806-90AF-4129-85A3-B175F7C606D1}
	EndGlobalSection
EndGlobal
